
Microsoft Visual Studio Solution File, Format Version 12.00
# Visual Studio Version 16
VisualStudioVersion = 16.0.30128.74
MinimumVisualStudioVersion = 10.0.40219.1
Project("{FAE04EC0-301F-11D3-BF4B-00C04F79EFBC}") = "DemoApp", "DemoApp\DemoApp.csproj", "{0C1ABE43-E6BC-4931-B011-5A5DAA6F58CB}"
EndProject
Global
	GlobalSection(SolutionConfigurationPlatforms) = preSolution
		Debug|Any CPU = Debug|Any CPU
		Release|Any CPU = Release|Any CPU
	EndGlobalSection
	GlobalSection(ProjectConfigurationPlatforms) = postSolution
		{0C1ABE43-E6BC-4931-B011-5A5DAA6F58CB}.Debug|Any CPU.ActiveCfg = Debug|Any CPU
		{0C1ABE43-E6BC-4931-B011-5A5DAA6F58CB}.Debug|Any CPU.Build.0 = Debug|Any CPU
		{0C1ABE43-E6BC-4931-B011-5A5DAA6F58CB}.Release|Any CPU.ActiveCfg = Release|Any CPU
		{0C1ABE43-E6BC-4931-B011-5A5DAA6F58CB}.Release|Any CPU.Build.0 = Release|Any CPU
	EndGlobalSection
	GlobalSection(SolutionProperties) = preSolution
		HideSolutionNode = FALSE
	EndGlobalSection
	GlobalSection(ExtensibilityGlobals) = postSolution
		SolutionGuid = {E7C2CE1E-F5E6-4D64-A67B-48BD7B448BF3}
	EndGlobalSection
EndGlobal
